
Microsoft Visual Studio Solution File, Format Version 12.00
# Visual Studio Version 17
VisualStudioVersion = 17.11.35103.136
MinimumVisualStudioVersion = 10.0.40219.1
Project("{FAE04EC0-301F-11D3-BF4B-00C04F79EFBC}") = "WpfApp1", "WpfApp1.csproj", "{D8F96DCE-84C9-404E-95D1-579089AAACBC}"
EndProject
Global
	GlobalSection(SolutionConfigurationPlatforms) = preSolution
		Debug|Any CPU = Debug|Any CPU
		Release|Any CPU = Release|Any CPU
	EndGlobalSection
	GlobalSection(ProjectConfigurationPlatforms) = postSolution
		{D8F96DCE-84C9-404E-95D1-579089AAACBC}.Debug|Any CPU.ActiveCfg = Debug|Any CPU
		{D8F96DCE-84C9-404E-95D1-579089AAACBC}.Debug|Any CPU.Build.0 = Debug|Any CPU
		{D8F96DCE-84C9-404E-95D1-579089AAACBC}.Release|Any CPU.ActiveCfg = Release|Any CPU
		{D8F96DCE-84C9-404E-95D1-579089AAACBC}.Release|Any CPU.Build.0 = Release|Any CPU
	EndGlobalSection
	GlobalSection(SolutionProperties) = preSolution
		HideSolutionNode = FALSE
	EndGlobalSection
	GlobalSection(ExtensibilityGlobals) = postSolution
		SolutionGuid = {606E1FDA-2CB8-4E9C-A86E-925F6B92CF6D}
	EndGlobalSection
EndGlobal
